<Solution>
  <Folder Name="/src/">
    <Project Path="src/MercuryBankApi/MercuryBankApi.csproj" />
  </Folder>
  <Folder Name="/tests/">
    <Project Path="tests/MercuryBankApi.Tests/MercuryBankApi.Tests.csproj" />
    <Project Path="tests/MercuryBankApi.Sandbox.Tests/MercuryBankApi.Sandbox.Tests.csproj" />
  </Folder>
</Solution>
